
Microsoft Visual Studio Solution File, Format Version 12.00
# Visual Studio Version 16
VisualStudioVersion = 16.0.30907.101
MinimumVisualStudioVersion = 10.0.40219.1
Project("{FAE04EC0-301F-11D3-BF4B-00C04F79EFBC}") = "Gym", "Gym\Gym.csproj", "{579D874A-5A92-47FA-8CB0-0732D0BC884E}"
EndProject
Global
	GlobalSection(SolutionConfigurationPlatforms) = preSolution
		Debug|Any CPU = Debug|Any CPU
		Release|Any CPU = Release|Any CPU
	EndGlobalSection
	GlobalSection(ProjectConfigurationPlatforms) = postSolution
		{579D874A-5A92-47FA-8CB0-0732D0BC884E}.Debug|Any CPU.ActiveCfg = Debug|Any CPU
		{579D874A-5A92-47FA-8CB0-0732D0BC884E}.Debug|Any CPU.Build.0 = Debug|Any CPU
		{579D874A-5A92-47FA-8CB0-0732D0BC884E}.Release|Any CPU.ActiveCfg = Release|Any CPU
		{579D874A-5A92-47FA-8CB0-0732D0BC884E}.Release|Any CPU.Build.0 = Release|Any CPU
	EndGlobalSection
	GlobalSection(SolutionProperties) = preSolution
		HideSolutionNode = FALSE
	EndGlobalSection
	GlobalSection(ExtensibilityGlobals) = postSolution
		SolutionGuid = {230A845D-E41C-4548-AC31-C104DC7A344E}
	EndGlobalSection
EndGlobal
